
Microsoft Visual Studio Solution File, Format Version 12.00
# Visual Studio Version 16
VisualStudioVersion = 16.0.30523.141
MinimumVisualStudioVersion = 10.0.40219.1
Project("{FAE04EC0-301F-11D3-BF4B-00C04F79EFBC}") = "ATM_Savage_Lab", "ATM_Savage_Lab\ATM_Savage_Lab.csproj", "{476B83D0-F254-49EC-8DAB-92CDBBB0AC59}"
EndProject
Global
	GlobalSection(SolutionConfigurationPlatforms) = preSolution
		Debug|Any CPU = Debug|Any CPU
		Release|Any CPU = Release|Any CPU
	EndGlobalSection
	GlobalSection(ProjectConfigurationPlatforms) = postSolution
		{476B83D0-F254-49EC-8DAB-92CDBBB0AC59}.Debug|Any CPU.ActiveCfg = Debug|Any CPU
		{476B83D0-F254-49EC-8DAB-92CDBBB0AC59}.Debug|Any CPU.Build.0 = Debug|Any CPU
		{476B83D0-F254-49EC-8DAB-92CDBBB0AC59}.Release|Any CPU.ActiveCfg = Release|Any CPU
		{476B83D0-F254-49EC-8DAB-92CDBBB0AC59}.Release|Any CPU.Build.0 = Release|Any CPU
	EndGlobalSection
	GlobalSection(SolutionProperties) = preSolution
		HideSolutionNode = FALSE
	EndGlobalSection
	GlobalSection(ExtensibilityGlobals) = postSolution
		SolutionGuid = {6BFF3A49-E5D0-459C-9774-0EF595044BA7}
	EndGlobalSection
EndGlobal
